<?xml version="1.0" encoding="utf-8"?>
<Project ToolsVersion="16.0" xmlns="http://schemas.microsoft.com/developer/msbuild/2003">
  <ItemGroup>
    <ClCompile Include="Main.cpp">
      <Filter>Source Files</Filter>
    </ClCompile>
    <ClCompile Include="AI\AI.cpp">
      <Filter>Source Files\AI</Filter>
    </ClCompile>
    <ClCompile Include="AI\Net\Net.cpp">
      <Filter>Source Files\AI\Net</Filter>
    </ClCompile>
    <ClCompile Include="AI\ScaleImage\ScaleImage.cpp">
      <Filter>Source Files\AI\ScaleImage</Filter>
    </ClCompile>
    <ClCompile Include="AI\PixelTraversal\PixelTraversal.cpp">
      <Filter>Source Files\AI\PixelTraversal</Filter>
    </ClCompile>
    <ClCompile Include="RecogniseSubCommand.cpp">
      <Filter>Source Files\ArgParser\RecogniseSubCommand</Filter>
    </ClCompile>
    <ClCompile Include="SubCommand.cpp">
      <Filter>Source Files\ArgParser\SubCommand</Filter>
    </ClCompile>
    <ClCompile Include="ScaleSubCommand.cpp">
      <Filter>Source Files\ArgParser\HiddenSubCommand\ScaleSubCommand</Filter>
    </ClCompile>
    <ClCompile Include="TraverseSubCommand.cpp">
      <Filter>Source Files\ArgParser\HiddenSubCommand\TraverseSubCommand</Filter>
    </ClCompile>
    <ClCompile Include="Parser.cpp">
      <Filter>Source Files\ArgParser</Filter>
    </ClCompile>
    <ClCompile Include="HiddenSubCommand.cpp">
      <Filter>Source Files\ArgParser\HiddenSubCommand</Filter>
    </ClCompile>
  </ItemGroup>
  <ItemGroup>
    <Filter Include="Source Files">
      <UniqueIdentifier>{F23262D7-7A28-3657-BA8F-128552BB4444}</UniqueIdentifier>
    </Filter>
    <Filter Include="Source Files\AI">
      <UniqueIdentifier>{769d8564-8d7f-4b52-b58e-34aa72f7e646}</UniqueIdentifier>
    </Filter>
    <Filter Include="Source Files\AI\Net">
      <UniqueIdentifier>{6229226a-7f94-4872-b9f3-2a8c78e0f9e0}</UniqueIdentifier>
    </Filter>
    <Filter Include="Source Files\AI\ScaleImage">
      <UniqueIdentifier>{2139ed79-f4cb-4ef9-81ab-9e60b7b3761d}</UniqueIdentifier>
    </Filter>
    <Filter Include="Source Files\AI\PixelTraversal">
      <UniqueIdentifier>{9b0b1854-d27c-4144-bad9-8af8923174e9}</UniqueIdentifier>
    </Filter>
    <Filter Include="Source Files\ArgParser">
      <UniqueIdentifier>{c4d8d4d2-02a6-4be5-81ae-25d8a4cb45e7}</UniqueIdentifier>
    </Filter>
    <Filter Include="Source Files\ArgParser\SubCommand">
      <UniqueIdentifier>{d50236e1-dc6c-4adf-8ae1-7f5cc7d880e9}</UniqueIdentifier>
    </Filter>
    <Filter Include="Source Files\ArgParser\RecogniseSubCommand">
      <UniqueIdentifier>{07da7297-b16e-433a-8b47-eadcf60ee525}</UniqueIdentifier>
    </Filter>
    <Filter Include="Source Files\ArgParser\HiddenSubCommand">
      <UniqueIdentifier>{ab977110-392e-4dbc-bcd8-2678704595d8}</UniqueIdentifier>
    </Filter>
    <Filter Include="Source Files\ArgParser\HiddenSubCommand\TraverseSubCommand">
      <UniqueIdentifier>{4550b514-5fd7-4a6b-a3db-000914db3a4e}</UniqueIdentifier>
    </Filter>
    <Filter Include="Source Files\ArgParser\HiddenSubCommand\ScaleSubCommand">
      <UniqueIdentifier>{abfb8809-ca2f-4d69-804e-d50567b35680}</UniqueIdentifier>
    </Filter>
  </ItemGroup>
  <ItemGroup>
    <ClInclude Include="AI\AI.hpp">
      <Filter>Source Files\AI</Filter>
    </ClInclude>
    <ClInclude Include="AI\Net\Net.hpp">
      <Filter>Source Files\AI\Net</Filter>
    </ClInclude>
    <ClInclude Include="AI\ScaleImage\ScaleImage.hpp">
      <Filter>Source Files\AI\ScaleImage</Filter>
    </ClInclude>
    <ClInclude Include="AI\PixelTraversal\PixelTraversal.hpp">
      <Filter>Source Files\AI\PixelTraversal</Filter>
    </ClInclude>
    <ClInclude Include="RecogniseSubCommand.h">
      <Filter>Source Files\ArgParser\RecogniseSubCommand</Filter>
    </ClInclude>
    <ClInclude Include="SubCommand.h">
      <Filter>Source Files\ArgParser\SubCommand</Filter>
    </ClInclude>
    <ClInclude Include="ScaleSubCommand.h">
      <Filter>Source Files\ArgParser\HiddenSubCommand\ScaleSubCommand</Filter>
    </ClInclude>
    <ClInclude Include="TraverseSubCommand.h">
      <Filter>Source Files\ArgParser\HiddenSubCommand\TraverseSubCommand</Filter>
    </ClInclude>
    <ClInclude Include="Parser.h">
      <Filter>Source Files\ArgParser</Filter>
    </ClInclude>
    <ClInclude Include="HiddenSubCommand.h">
      <Filter>Source Files\ArgParser\HiddenSubCommand</Filter>
    </ClInclude>
  </ItemGroup>
</Project>